
Microsoft Visual Studio Solution File, Format Version 12.00
# Visual Studio 15
VisualStudioVersion = 15.0.28307.421
MinimumVisualStudioVersion = 10.0.40219.1
Project("{FAE04EC0-301F-11D3-BF4B-00C04F79EFBC}") = "WebDemo", "WebDemo\WebDemo.csproj", "{15CA01E1-B46D-411F-B207-F4A0CD089C76}"
EndProject
Global
	GlobalSection(SolutionConfigurationPlatforms) = preSolution
		Debug|Any CPU = Debug|Any CPU
		Release|Any CPU = Release|Any CPU
	EndGlobalSection
	GlobalSection(ProjectConfigurationPlatforms) = postSolution
		{15CA01E1-B46D-411F-B207-F4A0CD089C76}.Debug|Any CPU.ActiveCfg = Debug|Any CPU
		{15CA01E1-B46D-411F-B207-F4A0CD089C76}.Debug|Any CPU.Build.0 = Debug|Any CPU
		{15CA01E1-B46D-411F-B207-F4A0CD089C76}.Release|Any CPU.ActiveCfg = Release|Any CPU
		{15CA01E1-B46D-411F-B207-F4A0CD089C76}.Release|Any CPU.Build.0 = Release|Any CPU
	EndGlobalSection
	GlobalSection(SolutionProperties) = preSolution
		HideSolutionNode = FALSE
	EndGlobalSection
	GlobalSection(ExtensibilityGlobals) = postSolution
		SolutionGuid = {AD53D993-2732-4090-ADAF-1E39334DAE76}
	EndGlobalSection
EndGlobal
